{
  "name": "inky-development",
  "version": "0.15.2",
  "lockfileVersion": 3,
  "requires": true,
  "packages": {
    "": {
      "name": "inky-development",
      "version": "0.15.2",
      "hasInstallScript": true,
      "engines": {
        "node": ">=22.12.0",
        "npm": ">=10"
      }
    }
  }
}
